
Microsoft Visual Studio Solution File, Format Version 12.00
# Visual Studio 15
Project("{FAE04EC0-301F-11D3-BF4B-00C04F79EFBC}") = "Assembly-CSharp", "Assembly-CSharp.csproj", "{4EF4F7BB-AD53-C2C6-358E-280A455C113D}"
EndProject
Project("{FAE04EC0-301F-11D3-BF4B-00C04F79EFBC}") = "Assembly-CSharp-Editor", "Assembly-CSharp-Editor.csproj", "{79872C14-0532-EA5D-7F99-C3D48BF12610}"
EndProject
Global
	GlobalSection(SolutionConfigurationPlatforms) = preSolution
		Debug|Any CPU = Debug|Any CPU
		Release|Any CPU = Release|Any CPU
	EndGlobalSection
	GlobalSection(ProjectConfigurationPlatforms) = postSolution
		{4EF4F7BB-AD53-C2C6-358E-280A455C113D}.Debug|Any CPU.ActiveCfg = Debug|Any CPU
		{4EF4F7BB-AD53-C2C6-358E-280A455C113D}.Debug|Any CPU.Build.0 = Debug|Any CPU
		{4EF4F7BB-AD53-C2C6-358E-280A455C113D}.Release|Any CPU.ActiveCfg = Release|Any CPU
		{4EF4F7BB-AD53-C2C6-358E-280A455C113D}.Release|Any CPU.Build.0 = Release|Any CPU
		{79872C14-0532-EA5D-7F99-C3D48BF12610}.Debug|Any CPU.ActiveCfg = Debug|Any CPU
		{79872C14-0532-EA5D-7F99-C3D48BF12610}.Debug|Any CPU.Build.0 = Debug|Any CPU
		{79872C14-0532-EA5D-7F99-C3D48BF12610}.Release|Any CPU.ActiveCfg = Release|Any CPU
		{79872C14-0532-EA5D-7F99-C3D48BF12610}.Release|Any CPU.Build.0 = Release|Any CPU
	EndGlobalSection
	GlobalSection(SolutionProperties) = preSolution
		HideSolutionNode = FALSE
	EndGlobalSection
EndGlobal
